
Microsoft Visual Studio Solution File, Format Version 12.00
# Visual Studio Version 17
VisualStudioVersion = 17.2.32602.215
MinimumVisualStudioVersion = 10.0.40219.1
Project("{9A19103F-16F7-4668-BE54-9A1E7A4F7556}") = "crop-management-system-backend", "crop-management-system-backend\crop-management-system-backend.csproj", "{EFE3F830-EE9C-46D9-A0D1-87351F8B4A6B}"
EndProject
Project("{9A19103F-16F7-4668-BE54-9A1E7A4F7556}") = "CropManagementSystem.Data", "CropManagementSystem.Data\CropManagementSystem.Data.csproj", "{2D954868-9932-4CBA-8BC6-68C0B82C5707}"
EndProject
Project("{9A19103F-16F7-4668-BE54-9A1E7A4F7556}") = "CropManagementSystem.Tests", "crop-management-system-backend\CropManagementSystem.Tests\CropManagementSystem.Tests.csproj", "{69794DB4-683F-476C-AC9E-8935FCAB4A38}"
EndProject
Global
	GlobalSection(SolutionConfigurationPlatforms) = preSolution
		Debug|Any CPU = Debug|Any CPU
		Release|Any CPU = Release|Any CPU
	EndGlobalSection
	GlobalSection(ProjectConfigurationPlatforms) = postSolution
		{EFE3F830-EE9C-46D9-A0D1-87351F8B4A6B}.Debug|Any CPU.ActiveCfg = Debug|Any CPU
		{EFE3F830-EE9C-46D9-A0D1-87351F8B4A6B}.Debug|Any CPU.Build.0 = Debug|Any CPU
		{EFE3F830-EE9C-46D9-A0D1-87351F8B4A6B}.Release|Any CPU.ActiveCfg = Release|Any CPU
		{EFE3F830-EE9C-46D9-A0D1-87351F8B4A6B}.Release|Any CPU.Build.0 = Release|Any CPU
		{2D954868-9932-4CBA-8BC6-68C0B82C5707}.Debug|Any CPU.ActiveCfg = Debug|Any CPU
		{2D954868-9932-4CBA-8BC6-68C0B82C5707}.Debug|Any CPU.Build.0 = Debug|Any CPU
		{2D954868-9932-4CBA-8BC6-68C0B82C5707}.Release|Any CPU.ActiveCfg = Release|Any CPU
		{2D954868-9932-4CBA-8BC6-68C0B82C5707}.Release|Any CPU.Build.0 = Release|Any CPU
		{69794DB4-683F-476C-AC9E-8935FCAB4A38}.Debug|Any CPU.ActiveCfg = Debug|Any CPU
		{69794DB4-683F-476C-AC9E-8935FCAB4A38}.Debug|Any CPU.Build.0 = Debug|Any CPU
		{69794DB4-683F-476C-AC9E-8935FCAB4A38}.Release|Any CPU.ActiveCfg = Release|Any CPU
		{69794DB4-683F-476C-AC9E-8935FCAB4A38}.Release|Any CPU.Build.0 = Release|Any CPU
	EndGlobalSection
	GlobalSection(SolutionProperties) = preSolution
		HideSolutionNode = FALSE
	EndGlobalSection
	GlobalSection(ExtensibilityGlobals) = postSolution
		SolutionGuid = {9D0F53A6-655B-4FD6-9E32-956AB538E448}
	EndGlobalSection
EndGlobal
